<?xml version="1.0" encoding="utf-8"?>
<Project ToolsVersion="4.0" xmlns="http://schemas.microsoft.com/developer/msbuild/2003">
  <ItemGroup>
    <ClCompile Include="..\src\Asio.cpp" />
    <ClCompile Include="..\src\broadcastAddrs.cpp" />
    <ClCompile Include="..\src\CombinedTcpAcceptor.cpp" />
    <ClCompile Include="..\src\ConnectionState.cpp" />
    <ClCompile Include="..\src\GmStringBuffer.cpp" />
    <ClCompile Include="..\src\IpLookup.cpp" />
    <ClCompile Include="..\src\macAddress.cpp" />
    <ClCompile Include="..\src\ReadWritable.cpp" />
    <ClCompile Include="..\src\socketApi.cpp" />
    <ClCompile Include="..\src\TcpAcceptor.cpp" />
    <ClCompile Include="..\src\TcpClosed.cpp" />
    <ClCompile Include="..\src\TcpConnected.cpp" />
    <ClCompile Include="..\src\TcpConnecting.cpp" />
    <ClCompile Include="..\src\TcpSocket.cpp" />
    <ClCompile Include="..\src\UdpSocket.cpp" />
  </ItemGroup>
  <ItemGroup>
    <ClInclude Include="..\include\Asio.hpp" />
    <ClInclude Include="..\include\Base64Codec.hpp" />
    <ClInclude Include="..\include\broadcastAddrs.hpp" />
    <ClInclude Include="..\include\Buffer.hpp" />
    <ClInclude Include="..\include\clipped_cast.hpp" />
    <ClInclude Include="..\include\CombinedTcpAcceptor.hpp" />
    <ClInclude Include="..\include\ConnectionState.hpp" />
    <ClInclude Include="..\include\DatagramQueue.hpp" />
    <ClInclude Include="..\include\Fallible.hpp" />
    <ClInclude Include="..\include\GmStringBuffer.hpp" />
    <ClInclude Include="..\include\Handled.hpp" />
    <ClInclude Include="..\include\HandleMap.hpp" />
    <ClInclude Include="..\include\HexCodec.hpp" />
    <ClInclude Include="..\include\IpLookup.hpp" />
    <ClInclude Include="..\include\ReadWritable.hpp" />
    <ClInclude Include="..\include\resolve.hpp" />
    <ClInclude Include="..\include\SendBuffer.hpp" />
    <ClInclude Include="..\include\Socket.hpp" />
    <ClInclude Include="..\include\TcpAcceptor.hpp" />
    <ClInclude Include="..\include\TcpClosed.hpp" />
    <ClInclude Include="..\include\TcpConnected.hpp" />
    <ClInclude Include="..\include\TcpConnecting.hpp" />
    <ClInclude Include="..\include\TcpSocket.hpp" />
    <ClInclude Include="..\include\UdpSocket.hpp" />
    <ClInclude Include="..\include\V4FirstIterator.hpp" />
  </ItemGroup>
</Project>